// !$*UTF8*$!
{
	archiveVersion = 1;
	classes = {
	};
	objectVersion = 48;
	objects = {

/* Begin PBXBuildFile section */
		0CD7600D1F67C469002848F3 /* AppDelegate.swift in Sources */ = {isa = PBXBuildFile; fileRef = 0CD7600C1F67C469002848F3 /* AppDelegate.swift */; };
		0CD7600F1F67C469002848F3 /* GoogleMapsAPIVC.swift in Sources */ = {isa = PBXBuildFile; fileRef = 0CD7600E1F67C469002848F3 /* GoogleMapsAPIVC.swift */; };
		0CD760121F67C469002848F3 /* Main.storyboard in Resources */ = {isa = PBXBuildFile; fileRef = 0CD760101F67C469002848F3 /* Main.storyboard */; };
		0CD760141F67C469002848F3 /* Assets.xcassets in Resources */ = {isa = PBXBuildFile; fileRef = 0CD760131F67C469002848F3 /* Assets.xcassets */; };
		0CD760171F67C469002848F3 /* LaunchScreen.storyboard in Resources */ = {isa = PBXBuildFile; fileRef = 0CD760151F67C469002848F3 /* LaunchScreen.storyboard */; };
		0CD760201F67D4E9002848F3 /* CustomCell.swift in Sources */ = {isa = PBXBuildFile; fileRef = 0CD7601E1F67D4E9002848F3 /* CustomCell.swift */; };
		0CD760211F67D4E9002848F3 /* CustomCell.xib in Resources */ = {isa = PBXBuildFile; fileRef = 0CD7601F1F67D4E9002848F3 /* CustomCell.xib */; };
/* End PBXBuildFile section */

/* Begin PBXFileReference section */
		0CD760091F67C469002848F3 /* GoogleMapsRestAPI.app */ = {isa = PBXFileReference; explicitFileType = wrapper.application; includeInIndex = 0; path = GoogleMapsRestAPI.app; sourceTree = BUILT_PRODUCTS_DIR; };
		0CD7600C1F67C469002848F3 /* AppDelegate.swift */ = {isa = PBXFileReference; lastKnownFileType = sourcecode.swift; path = AppDelegate.swift; sourceTree = "<group>"; };
		0CD7600E1F67C469002848F3 /* GoogleMapsAPIVC.swift */ = {isa = PBXFileReference; lastKnownFileType = sourcecode.swift; path = GoogleMapsAPIVC.swift; sourceTree = "<group>"; };
		0CD760111F67C469002848F3 /* Base */ = {isa = PBXFileReference; lastKnownFileType = file.storyboard; name = Base; path = Base.lproj/Main.storyboard; sourceTree = "<group>"; };
		0CD760131F67C469002848F3 /* Assets.xcassets */ = {isa = PBXFileReference; lastKnownFileType = folder.assetcatalog; path = Assets.xcassets; sourceTree = "<group>"; };
		0CD760161F67C469002848F3 /* Base */ = {isa = PBXFileReference; lastKnownFileType = file.storyboard; name = Base; path = Base.lproj/LaunchScreen.storyboard; sourceTree = "<group>"; };
		0CD760181F67C469002848F3 /* Info.plist */ = {isa = PBXFileReference; lastKnownFileType = text.plist.xml; path = Info.plist; sourceTree = "<group>"; };
		0CD7601E1F67D4E9002848F3 /* CustomCell.swift */ = {isa = PBXFileReference; lastKnownFileType = sourcecode.swift; path = CustomCell.swift; sourceTree = "<group>"; };
		0CD7601F1F67D4E9002848F3 /* CustomCell.xib */ = {isa = PBXFileReference; lastKnownFileType = file.xib; path = CustomCell.xib; sourceTree = "<group>"; };
/* End PBXFileReference section */

/* Begin PBXFrameworksBuildPhase section */
		0CD760061F67C469002848F3 /* Frameworks */ = {
			isa = PBXFrameworksBuildPhase;
			buildActionMask = 2147483647;
			files = (
			);
			runOnlyForDeploymentPostprocessing = 0;
		};
/* End PBXFrameworksBuildPhase section */

/* Begin PBXGroup section */
		0CD760001F67C469002848F3 = {
			isa = PBXGroup;
			children = (
				0CD7600B1F67C469002848F3 /* GoogleMapsRestAPI */,
				0CD7600A1F67C469002848F3 /* Products */,
			);
			sourceTree = "<group>";
		};
		0CD7600A1F67C469002848F3 /* Products */ = {
			isa = PBXGroup;
			children = (
				0CD760091F67C469002848F3 /* GoogleMapsRestAPI.app */,
			);
			name = Products;
			sourceTree = "<group>";
		};
		0CD7600B1F67C469002848F3 /* GoogleMapsRestAPI */ = {
			isa = PBXGroup;
			children = (
				0CD7600C1F67C469002848F3 /* AppDelegate.swift */,
				0CD7600E1F67C469002848F3 /* GoogleMapsAPIVC.swift */,
				0CD7601E1F67D4E9002848F3 /* CustomCell.swift */,
				0CD7601F1F67D4E9002848F3 /* CustomCell.xib */,
				0CD760101F67C469002848F3 /* Main.storyboard */,
				0CD760131F67C469002848F3 /* Assets.xcassets */,
				0CD760151F67C469002848F3 /* LaunchScreen.storyboard */,
				0CD760181F67C469002848F3 /* Info.plist */,
			);
			path = GoogleMapsRestAPI;
			sourceTree = "<group>";
		};
/* End PBXGroup section */

/* Begin PBXNativeTarget section */
		0CD760081F67C469002848F3 /* GoogleMapsRestAPI */ = {
			isa = PBXNativeTarget;
			buildConfigurationList = 0CD7601B1F67C469002848F3 /* Build configuration list for PBXNativeTarget "GoogleMapsRestAPI" */;
			buildPhases = (
				0CD760051F67C469002848F3 /* Sources */,
				0CD760061F67C469002848F3 /* Frameworks */,
				0CD760071F67C469002848F3 /* Resources */,
			);
			buildRules = (
			);
			dependencies = (
			);
			name = GoogleMapsRestAPI;
			productName = GoogleMapsRestAPI;
			productReference = 0CD760091F67C469002848F3 /* GoogleMapsRestAPI.app */;
			productType = "com.apple.product-type.application";
		};
/* End PBXNativeTarget section */

/* Begin PBXProject section */
		0CD760011F67C469002848F3 /* Project object */ = {
			isa = PBXProject;
			attributes = {
				LastSwiftUpdateCheck = 0900;
				LastUpgradeCheck = 0900;
				ORGANIZATIONNAME = "yogesh singh negi";
				TargetAttributes = {
					0CD760081F67C469002848F3 = {
						CreatedOnToolsVersion = 9.0;
						ProvisioningStyle = Automatic;
					};
				};
			};
			buildConfigurationList = 0CD760041F67C469002848F3 /* Build configuration list for PBXProject "GoogleMapsRestAPI" */;
			compatibilityVersion = "Xcode 8.0";
			developmentRegion = en;
			hasScannedForEncodings = 0;
			knownRegions = (
				en,
				Base,
			);
			mainGroup = 0CD760001F67C469002848F3;
			productRefGroup = 0CD7600A1F67C469002848F3 /* Products */;
			projectDirPath = "";
			projectRoot = "";
			targets = (
				0CD760081F67C469002848F3 /* GoogleMapsRestAPI */,
			);
		};
/* End PBXProject section */

/* Begin PBXResourcesBuildPhase section */
		0CD760071F67C469002848F3 /* Resources */ = {
			isa = PBXResourcesBuildPhase;
			buildActionMask = 2147483647;
			files = (
				0CD760171F67C469002848F3 /* LaunchScreen.storyboard in Resources */,
				0CD760141F67C469002848F3 /* Assets.xcassets in Resources */,
				0CD760211F67D4E9002848F3 /* CustomCell.xib in Resources */,
				0CD760121F67C469002848F3 /* Main.storyboard in Resources */,
			);
			runOnlyForDeploymentPostprocessing = 0;
		};
/* End PBXResourcesBuildPhase section */

/* Begin PBXSourcesBuildPhase section */
		0CD760051F67C469002848F3 /* Sources */ = {
			isa = PBXSourcesBuildPhase;
			buildActionMask = 2147483647;
			files = (
				0CD7600F1F67C469002848F3 /* GoogleMapsAPIVC.swift in Sources */,
				0CD760201F67D4E9002848F3 /* CustomCell.swift in Sources */,
				0CD7600D1F67C469002848F3 /* AppDelegate.swift in Sources */,
			);
			runOnlyForDeploymentPostprocessing = 0;
		};
/* End PBXSourcesBuildPhase section */

/* Begin PBXVariantGroup section */
		0CD760101F67C469002848F3 /* Main.storyboard */ = {
			isa = PBXVariantGroup;
			children = (
				0CD760111F67C469002848F3 /* Base */,
			);
			name = Main.storyboard;
			sourceTree = "<group>";
		};
		0CD760151F67C469002848F3 /* LaunchScreen.storyboard */ = {
			isa = PBXVariantGroup;
			children = (
				0CD760161F67C469002848F3 /* Base */,
			);
			name = LaunchScreen.storyboard;
			sourceTree = "<group>";
		};
/* End PBXVariantGroup section */

/* Begin XCBuildConfiguration section */
		0CD760191F67C469002848F3 /* Debug */ = {
			isa = XCBuildConfiguration;
			buildSettings = {
				ALWAYS_SEARCH_USER_PATHS = NO;
				CLANG_ANALYZER_NONNULL = YES;
				CLANG_ANALYZER_NUMBER_OBJECT_CONVERSION = YES_AGGRESSIVE;
				CLANG_CXX_LANGUAGE_STANDARD = "gnu++14";
				CLANG_CXX_LIBRARY = "libc++";
				CLANG_ENABLE_MODULES = YES;
				CLANG_ENABLE_OBJC_ARC = YES;
				CLANG_WARN_BLOCK_CAPTURE_AUTORELEASING = YES;
				CLANG_WARN_BOOL_CONVERSION = YES;
				CLANG_WARN_COMMA = YES;
				CLANG_WARN_CONSTANT_CONVERSION = YES;
				CLANG_WARN_DIRECT_OBJC_ISA_USAGE = YES_ERROR;
				CLANG_WARN_DOCUMENTATION_COMMENTS = YES;
				CLANG_WARN_EMPTY_BODY = YES;
				CLANG_WARN_ENUM_CONVERSION = YES;
				CLANG_WARN_INFINITE_RECURSION = YES;
				CLANG_WARN_INT_CONVERSION = YES;
				CLANG_WARN_NON_LITERAL_NULL_CONVERSION = YES;
				CLANG_WARN_OBJC_LITERAL_CONVERSION = YES;
				CLANG_WARN_OBJC_ROOT_CLASS = YES_ERROR;
				CLANG_WARN_RANGE_LOOP_ANALYSIS = YES;
				CLANG_WARN_STRICT_PROTOTYPES = YES;
				CLANG_WARN_SUSPICIOUS_MOVE = YES;
				CLANG_WARN_UNGUARDED_AVAILABILITY = YES_AGGRESSIVE;
				CLANG_WARN_UNREACHABLE_CODE = YES;
				CLANG_WARN__DUPLICATE_METHOD_MATCH = YES;
				CODE_SIGN_IDENTITY = "iPhone Developer";
				COPY_PHASE_STRIP = NO;
				DEBUG_INFORMATION_FORMAT = dwarf;
				ENABLE_STRICT_OBJC_MSGSEND = YES;
				ENABLE_TESTABILITY = YES;
				GCC_C_LANGUAGE_STANDARD = gnu11;
				GCC_DYNAMIC_NO_PIC = NO;
				GCC_NO_COMMON_BLOCKS = YES;
				GCC_OPTIMIZATION_LEVEL = 0;
				GCC_PREPROCESSOR_DEFINITIONS = (
					"DEBUG=1",
					"$(inherited)",
				);
				GCC_WARN_64_TO_32_BIT_CONVERSION = YES;
				GCC_WARN_ABOUT_RETURN_TYPE = YES_ERROR;
				GCC_WARN_UNDECLARED_SELECTOR = YES;
				GCC_WARN_UNINITIALIZED_AUTOS = YES_AGGRESSIVE;
				GCC_WARN_UNUSED_FUNCTION = YES;
				GCC_WARN_UNUSED_VARIABLE = YES;
				IPHONEOS_DEPLOYMENT_TARGET = 11.0;
				MTL_ENABLE_DEBUG_INFO = YES;
				ONLY_ACTIVE_ARCH = YES;
				SDKROOT = iphoneos;
				SWIFT_ACTIVE_COMPILATION_CONDITIONS = DEBUG;
				SWIFT_OPTIMIZATION_LEVEL = "-Onone";
			};
			name = Debug;
		};
		0CD7601A1F67C469002848F3 /* Release */ = {
			isa = XCBuildConfiguration;
			buildSettings = {
				ALWAYS_SEARCH_USER_PATHS = NO;
				CLANG_ANALYZER_NONNULL = YES;
				CLANG_ANALYZER_NUMBER_OBJECT_CONVERSION = YES_AGGRESSIVE;
				CLANG_CXX_LANGUAGE_STANDARD = "gnu++14";
				CLANG_CXX_LIBRARY = "libc++";
				CLANG_ENABLE_MODULES = YES;
				CLANG_ENABLE_OBJC_ARC = YES;
				CLANG_WARN_BLOCK_CAPTURE_AUTORELEASING = YES;
				CLANG_WARN_BOOL_CONVERSION = YES;
				CLANG_WARN_COMMA = YES;
				CLANG_WARN_CONSTANT_CONVERSION = YES;
				CLANG_WARN_DIRECT_OBJC_ISA_USAGE = YES_ERROR;
				CLANG_WARN_DOCUMENTATION_COMMENTS = YES;
				CLANG_WARN_EMPTY_BODY = YES;
				CLANG_WARN_ENUM_CONVERSION = YES;
				CLANG_WARN_INFINITE_RECURSION = YES;
				CLANG_WARN_INT_CONVERSION = YES;
				CLANG_WARN_NON_LITERAL_NULL_CONVERSION = YES;
				CLANG_WARN_OBJC_LITERAL_CONVERSION = YES;
				CLANG_WARN_OBJC_ROOT_CLASS = YES_ERROR;
				CLANG_WARN_RANGE_LOOP_ANALYSIS = YES;
				CLANG_WARN_STRICT_PROTOTYPES = YES;
				CLANG_WARN_SUSPICIOUS_MOVE = YES;
				CLANG_WARN_UNGUARDED_AVAILABILITY = YES_AGGRESSIVE;
				CLANG_WARN_UNREACHABLE_CODE = YES;
				CLANG_WARN__DUPLICATE_METHOD_MATCH = YES;
				CODE_SIGN_IDENTITY = "iPhone Developer";
				COPY_PHASE_STRIP = NO;
				DEBUG_INFORMATION_FORMAT = "dwarf-with-dsym";
				ENABLE_NS_ASSERTIONS = NO;
				ENABLE_STRICT_OBJC_MSGSEND = YES;
				GCC_C_LANGUAGE_STANDARD = gnu11;
				GCC_NO_COMMON_BLOCKS = YES;
				GCC_WARN_64_TO_32_BIT_CONVERSION = YES;
				GCC_WARN_ABOUT_RETURN_TYPE = YES_ERROR;
				GCC_WARN_UNDECLARED_SELECTOR = YES;
				GCC_WARN_UNINITIALIZED_AUTOS = YES_AGGRESSIVE;
				GCC_WARN_UNUSED_FUNCTION = YES;
				GCC_WARN_UNUSED_VARIABLE = YES;
				IPHONEOS_DEPLOYMENT_TARGET = 11.0;
				MTL_ENABLE_DEBUG_INFO = NO;
				SDKROOT = iphoneos;
				SWIFT_OPTIMIZATION_LEVEL = "-Owholemodule";
				VALIDATE_PRODUCT = YES;
			};
			name = Release;
		};
		0CD7601C1F67C469002848F3 /* Debug */ = {
			isa = XCBuildConfiguration;
			buildSettings = {
				ASSETCATALOG_COMPILER_APPICON_NAME = AppIcon;
				CODE_SIGN_STYLE = Automatic;
				INFOPLIST_FILE = GoogleMapsRestAPI/Info.plist;
				LD_RUNPATH_SEARCH_PATHS = "$(inherited) @executable_path/Frameworks";
				PRODUCT_BUNDLE_IDENTIFIER = com.yogi.GoogleMapsRestAPI;
				PRODUCT_NAME = "$(TARGET_NAME)";
				SWIFT_VERSION = 4.0;
				TARGETED_DEVICE_FAMILY = 1;
			};
			name = Debug;
		};
		0CD7601D1F67C469002848F3 /* Release */ = {
			isa = XCBuildConfiguration;
			buildSettings = {
				ASSETCATALOG_COMPILER_APPICON_NAME = AppIcon;
				CODE_SIGN_STYLE = Automatic;
				INFOPLIST_FILE = GoogleMapsRestAPI/Info.plist;
				LD_RUNPATH_SEARCH_PATHS = "$(inherited) @executable_path/Frameworks";
				PRODUCT_BUNDLE_IDENTIFIER = com.yogi.GoogleMapsRestAPI;
				PRODUCT_NAME = "$(TARGET_NAME)";
				SWIFT_VERSION = 4.0;
				TARGETED_DEVICE_FAMILY = 1;
			};
			name = Release;
		};
/* End XCBuildConfiguration section */

/* Begin XCConfigurationList section */
		0CD760041F67C469002848F3 /* Build configuration list for PBXProject "GoogleMapsRestAPI" */ = {
			isa = XCConfigurationList;
			buildConfigurations = (
				0CD760191F67C469002848F3 /* Debug */,
				0CD7601A1F67C469002848F3 /* Release */,
			);
			defaultConfigurationIsVisible = 0;
			defaultConfigurationName = Release;
		};
		0CD7601B1F67C469002848F3 /* Build configuration list for PBXNativeTarget "GoogleMapsRestAPI" */ = {
			isa = XCConfigurationList;
			buildConfigurations = (
				0CD7601C1F67C469002848F3 /* Debug */,
				0CD7601D1F67C469002848F3 /* Release */,
			);
			defaultConfigurationIsVisible = 0;
			defaultConfigurationName = Release;
		};
/* End XCConfigurationList section */
	};
	rootObject = 0CD760011F67C469002848F3 /* Project object */;
}
